// !$*UTF8*$!
{
	archiveVersion = 1;
	classes = {
	};
	objectVersion = 50;
	objects = {

/* Begin PBXBuildFile section */
		C45B243725C06F280032FC3E /* FormApp.swift in Sources */ = {isa = PBXBuildFile; fileRef = C45B243625C06F280032FC3E /* FormApp.swift */; };
		C45B243925C06F280032FC3E /* ContentView.swift in Sources */ = {isa = PBXBuildFile; fileRef = C45B243825C06F280032FC3E /* ContentView.swift */; };
		C45B243B25C06F2B0032FC3E /* Assets.xcassets in Resources */ = {isa = PBXBuildFile; fileRef = C45B243A25C06F2B0032FC3E /* Assets.xcassets */; };
		C45B243E25C06F2B0032FC3E /* Preview Assets.xcassets in Resources */ = {isa = PBXBuildFile; fileRef = C45B243D25C06F2B0032FC3E /* Preview Assets.xcassets */; };
		C45B244925C06F2B0032FC3E /* FormTests.swift in Sources */ = {isa = PBXBuildFile; fileRef = C45B244825C06F2B0032FC3E /* FormTests.swift */; };
		C45B245425C06F2B0032FC3E /* FormUITests.swift in Sources */ = {isa = PBXBuildFile; fileRef = C45B245325C06F2B0032FC3E /* FormUITests.swift */; };
/* End PBXBuildFile section */

/* Begin PBXContainerItemProxy section */
		C45B244525C06F2B0032FC3E /* PBXContainerItemProxy */ = {
			isa = PBXContainerItemProxy;
			containerPortal = C45B242B25C06F280032FC3E /* Project object */;
			proxyType = 1;
			remoteGlobalIDString = C45B243225C06F280032FC3E;
			remoteInfo = Form;
		};
		C45B245025C06F2B0032FC3E /* PBXContainerItemProxy */ = {
			isa = PBXContainerItemProxy;
			containerPortal = C45B242B25C06F280032FC3E /* Project object */;
			proxyType = 1;
			remoteGlobalIDString = C45B243225C06F280032FC3E;
			remoteInfo = Form;
		};
/* End PBXContainerItemProxy section */

/* Begin PBXFileReference section */
		C45B243325C06F280032FC3E /* Form.app */ = {isa = PBXFileReference; explicitFileType = wrapper.application; includeInIndex = 0; path = Form.app; sourceTree = BUILT_PRODUCTS_DIR; };
		C45B243625C06F280032FC3E /* FormApp.swift */ = {isa = PBXFileReference; lastKnownFileType = sourcecode.swift; path = FormApp.swift; sourceTree = "<group>"; };
		C45B243825C06F280032FC3E /* ContentView.swift */ = {isa = PBXFileReference; lastKnownFileType = sourcecode.swift; path = ContentView.swift; sourceTree = "<group>"; };
		C45B243A25C06F2B0032FC3E /* Assets.xcassets */ = {isa = PBXFileReference; lastKnownFileType = folder.assetcatalog; path = Assets.xcassets; sourceTree = "<group>"; };
		C45B243D25C06F2B0032FC3E /* Preview Assets.xcassets */ = {isa = PBXFileReference; lastKnownFileType = folder.assetcatalog; path = "Preview Assets.xcassets"; sourceTree = "<group>"; };
		C45B243F25C06F2B0032FC3E /* Info.plist */ = {isa = PBXFileReference; lastKnownFileType = text.plist.xml; path = Info.plist; sourceTree = "<group>"; };
		C45B244425C06F2B0032FC3E /* FormTests.xctest */ = {isa = PBXFileReference; explicitFileType = wrapper.cfbundle; includeInIndex = 0; path = FormTests.xctest; sourceTree = BUILT_PRODUCTS_DIR; };
		C45B244825C06F2B0032FC3E /* FormTests.swift */ = {isa = PBXFileReference; lastKnownFileType = sourcecode.swift; path = FormTests.swift; sourceTree = "<group>"; };
		C45B244A25C06F2B0032FC3E /* Info.plist */ = {isa = PBXFileReference; lastKnownFileType = text.plist.xml; path = Info.plist; sourceTree = "<group>"; };
		C45B244F25C06F2B0032FC3E /* FormUITests.xctest */ = {isa = PBXFileReference; explicitFileType = wrapper.cfbundle; includeInIndex = 0; path = FormUITests.xctest; sourceTree = BUILT_PRODUCTS_DIR; };
		C45B245325C06F2B0032FC3E /* FormUITests.swift */ = {isa = PBXFileReference; lastKnownFileType = sourcecode.swift; path = FormUITests.swift; sourceTree = "<group>"; };
		C45B245525C06F2B0032FC3E /* Info.plist */ = {isa = PBXFileReference; lastKnownFileType = text.plist.xml; path = Info.plist; sourceTree = "<group>"; };
		C45B246425C080640032FC3E /* README.md */ = {isa = PBXFileReference; lastKnownFileType = net.daringfireball.markdown; path = README.md; sourceTree = "<group>"; };
/* End PBXFileReference section */

/* Begin PBXFrameworksBuildPhase section */
		C45B243025C06F280032FC3E /* Frameworks */ = {
			isa = PBXFrameworksBuildPhase;
			buildActionMask = 2147483647;
			files = (
			);
			runOnlyForDeploymentPostprocessing = 0;
		};
		C45B244125C06F2B0032FC3E /* Frameworks */ = {
			isa = PBXFrameworksBuildPhase;
			buildActionMask = 2147483647;
			files = (
			);
			runOnlyForDeploymentPostprocessing = 0;
		};
		C45B244C25C06F2B0032FC3E /* Frameworks */ = {
			isa = PBXFrameworksBuildPhase;
			buildActionMask = 2147483647;
			files = (
			);
			runOnlyForDeploymentPostprocessing = 0;
		};
/* End PBXFrameworksBuildPhase section */

/* Begin PBXGroup section */
		C45B242A25C06F280032FC3E = {
			isa = PBXGroup;
			children = (
				C45B246425C080640032FC3E /* README.md */,
				C45B243525C06F280032FC3E /* Form */,
				C45B244725C06F2B0032FC3E /* FormTests */,
				C45B245225C06F2B0032FC3E /* FormUITests */,
				C45B243425C06F280032FC3E /* Products */,
			);
			sourceTree = "<group>";
		};
		C45B243425C06F280032FC3E /* Products */ = {
			isa = PBXGroup;
			children = (
				C45B243325C06F280032FC3E /* Form.app */,
				C45B244425C06F2B0032FC3E /* FormTests.xctest */,
				C45B244F25C06F2B0032FC3E /* FormUITests.xctest */,
			);
			name = Products;
			sourceTree = "<group>";
		};
		C45B243525C06F280032FC3E /* Form */ = {
			isa = PBXGroup;
			children = (
				C45B243625C06F280032FC3E /* FormApp.swift */,
				C45B243825C06F280032FC3E /* ContentView.swift */,
				C45B243A25C06F2B0032FC3E /* Assets.xcassets */,
				C45B243F25C06F2B0032FC3E /* Info.plist */,
				C45B243C25C06F2B0032FC3E /* Preview Content */,
			);
			path = Form;
			sourceTree = "<group>";
		};
		C45B243C25C06F2B0032FC3E /* Preview Content */ = {
			isa = PBXGroup;
			children = (
				C45B243D25C06F2B0032FC3E /* Preview Assets.xcassets */,
			);
			path = "Preview Content";
			sourceTree = "<group>";
		};
		C45B244725C06F2B0032FC3E /* FormTests */ = {
			isa = PBXGroup;
			children = (
				C45B244825C06F2B0032FC3E /* FormTests.swift */,
				C45B244A25C06F2B0032FC3E /* Info.plist */,
			);
			path = FormTests;
			sourceTree = "<group>";
		};
		C45B245225C06F2B0032FC3E /* FormUITests */ = {
			isa = PBXGroup;
			children = (
				C45B245325C06F2B0032FC3E /* FormUITests.swift */,
				C45B245525C06F2B0032FC3E /* Info.plist */,
			);
			path = FormUITests;
			sourceTree = "<group>";
		};
/* End PBXGroup section */

/* Begin PBXNativeTarget section */
		C45B243225C06F280032FC3E /* Form */ = {
			isa = PBXNativeTarget;
			buildConfigurationList = C45B245825C06F2B0032FC3E /* Build configuration list for PBXNativeTarget "Form" */;
			buildPhases = (
				C45B242F25C06F280032FC3E /* Sources */,
				C45B243025C06F280032FC3E /* Frameworks */,
				C45B243125C06F280032FC3E /* Resources */,
			);
			buildRules = (
			);
			dependencies = (
			);
			name = Form;
			productName = Form;
			productReference = C45B243325C06F280032FC3E /* Form.app */;
			productType = "com.apple.product-type.application";
		};
		C45B244325C06F2B0032FC3E /* FormTests */ = {
			isa = PBXNativeTarget;
			buildConfigurationList = C45B245B25C06F2B0032FC3E /* Build configuration list for PBXNativeTarget "FormTests" */;
			buildPhases = (
				C45B244025C06F2B0032FC3E /* Sources */,
				C45B244125C06F2B0032FC3E /* Frameworks */,
				C45B244225C06F2B0032FC3E /* Resources */,
			);
			buildRules = (
			);
			dependencies = (
				C45B244625C06F2B0032FC3E /* PBXTargetDependency */,
			);
			name = FormTests;
			productName = FormTests;
			productReference = C45B244425C06F2B0032FC3E /* FormTests.xctest */;
			productType = "com.apple.product-type.bundle.unit-test";
		};
		C45B244E25C06F2B0032FC3E /* FormUITests */ = {
			isa = PBXNativeTarget;
			buildConfigurationList = C45B245E25C06F2B0032FC3E /* Build configuration list for PBXNativeTarget "FormUITests" */;
			buildPhases = (
				C45B244B25C06F2B0032FC3E /* Sources */,
				C45B244C25C06F2B0032FC3E /* Frameworks */,
				C45B244D25C06F2B0032FC3E /* Resources */,
			);
			buildRules = (
			);
			dependencies = (
				C45B245125C06F2B0032FC3E /* PBXTargetDependency */,
			);
			name = FormUITests;
			productName = FormUITests;
			productReference = C45B244F25C06F2B0032FC3E /* FormUITests.xctest */;
			productType = "com.apple.product-type.bundle.ui-testing";
		};
/* End PBXNativeTarget section */

/* Begin PBXProject section */
		C45B242B25C06F280032FC3E /* Project object */ = {
			isa = PBXProject;
			attributes = {
				LastSwiftUpdateCheck = 1230;
				LastUpgradeCheck = 1230;
				TargetAttributes = {
					C45B243225C06F280032FC3E = {
						CreatedOnToolsVersion = 12.3;
					};
					C45B244325C06F2B0032FC3E = {
						CreatedOnToolsVersion = 12.3;
						TestTargetID = C45B243225C06F280032FC3E;
					};
					C45B244E25C06F2B0032FC3E = {
						CreatedOnToolsVersion = 12.3;
						TestTargetID = C45B243225C06F280032FC3E;
					};
				};
			};
			buildConfigurationList = C45B242E25C06F280032FC3E /* Build configuration list for PBXProject "Form" */;
			compatibilityVersion = "Xcode 9.3";
			developmentRegion = en;
			hasScannedForEncodings = 0;
			knownRegions = (
				en,
				Base,
			);
			mainGroup = C45B242A25C06F280032FC3E;
			productRefGroup = C45B243425C06F280032FC3E /* Products */;
			projectDirPath = "";
			projectRoot = "";
			targets = (
				C45B243225C06F280032FC3E /* Form */,
				C45B244325C06F2B0032FC3E /* FormTests */,
				C45B244E25C06F2B0032FC3E /* FormUITests */,
			);
		};
/* End PBXProject section */

/* Begin PBXResourcesBuildPhase section */
		C45B243125C06F280032FC3E /* Resources */ = {
			isa = PBXResourcesBuildPhase;
			buildActionMask = 2147483647;
			files = (
				C45B243E25C06F2B0032FC3E /* Preview Assets.xcassets in Resources */,
				C45B243B25C06F2B0032FC3E /* Assets.xcassets in Resources */,
			);
			runOnlyForDeploymentPostprocessing = 0;
		};
		C45B244225C06F2B0032FC3E /* Resources */ = {
			isa = PBXResourcesBuildPhase;
			buildActionMask = 2147483647;
			files = (
			);
			runOnlyForDeploymentPostprocessing = 0;
		};
		C45B244D25C06F2B0032FC3E /* Resources */ = {
			isa = PBXResourcesBuildPhase;
			buildActionMask = 2147483647;
			files = (
			);
			runOnlyForDeploymentPostprocessing = 0;
		};
/* End PBXResourcesBuildPhase section */

/* Begin PBXSourcesBuildPhase section */
		C45B242F25C06F280032FC3E /* Sources */ = {
			isa = PBXSourcesBuildPhase;
			buildActionMask = 2147483647;
			files = (
				C45B243925C06F280032FC3E /* ContentView.swift in Sources */,
				C45B243725C06F280032FC3E /* FormApp.swift in Sources */,
			);
			runOnlyForDeploymentPostprocessing = 0;
		};
		C45B244025C06F2B0032FC3E /* Sources */ = {
			isa = PBXSourcesBuildPhase;
			buildActionMask = 2147483647;
			files = (
				C45B244925C06F2B0032FC3E /* FormTests.swift in Sources */,
			);
			runOnlyForDeploymentPostprocessing = 0;
		};
		C45B244B25C06F2B0032FC3E /* Sources */ = {
			isa = PBXSourcesBuildPhase;
			buildActionMask = 2147483647;
			files = (
				C45B245425C06F2B0032FC3E /* FormUITests.swift in Sources */,
			);
			runOnlyForDeploymentPostprocessing = 0;
		};
/* End PBXSourcesBuildPhase section */

/* Begin PBXTargetDependency section */
		C45B244625C06F2B0032FC3E /* PBXTargetDependency */ = {
			isa = PBXTargetDependency;
			target = C45B243225C06F280032FC3E /* Form */;
			targetProxy = C45B244525C06F2B0032FC3E /* PBXContainerItemProxy */;
		};
		C45B245125C06F2B0032FC3E /* PBXTargetDependency */ = {
			isa = PBXTargetDependency;
			target = C45B243225C06F280032FC3E /* Form */;
			targetProxy = C45B245025C06F2B0032FC3E /* PBXContainerItemProxy */;
		};
/* End PBXTargetDependency section */

/* Begin XCBuildConfiguration section */
		C45B245625C06F2B0032FC3E /* Debug */ = {
			isa = XCBuildConfiguration;
			buildSettings = {
				ALWAYS_SEARCH_USER_PATHS = NO;
				CLANG_ANALYZER_NONNULL = YES;
				CLANG_ANALYZER_NUMBER_OBJECT_CONVERSION = YES_AGGRESSIVE;
				CLANG_CXX_LANGUAGE_STANDARD = "gnu++14";
				CLANG_CXX_LIBRARY = "libc++";
				CLANG_ENABLE_MODULES = YES;
				CLANG_ENABLE_OBJC_ARC = YES;
				CLANG_ENABLE_OBJC_WEAK = YES;
				CLANG_WARN_BLOCK_CAPTURE_AUTORELEASING = YES;
				CLANG_WARN_BOOL_CONVERSION = YES;
				CLANG_WARN_COMMA = YES;
				CLANG_WARN_CONSTANT_CONVERSION = YES;
				CLANG_WARN_DEPRECATED_OBJC_IMPLEMENTATIONS = YES;
				CLANG_WARN_DIRECT_OBJC_ISA_USAGE = YES_ERROR;
				CLANG_WARN_DOCUMENTATION_COMMENTS = YES;
				CLANG_WARN_EMPTY_BODY = YES;
				CLANG_WARN_ENUM_CONVERSION = YES;
				CLANG_WARN_INFINITE_RECURSION = YES;
				CLANG_WARN_INT_CONVERSION = YES;
				CLANG_WARN_NON_LITERAL_NULL_CONVERSION = YES;
				CLANG_WARN_OBJC_IMPLICIT_RETAIN_SELF = YES;
				CLANG_WARN_OBJC_LITERAL_CONVERSION = YES;
				CLANG_WARN_OBJC_ROOT_CLASS = YES_ERROR;
				CLANG_WARN_QUOTED_INCLUDE_IN_FRAMEWORK_HEADER = YES;
				CLANG_WARN_RANGE_LOOP_ANALYSIS = YES;
				CLANG_WARN_STRICT_PROTOTYPES = YES;
				CLANG_WARN_SUSPICIOUS_MOVE = YES;
				CLANG_WARN_UNGUARDED_AVAILABILITY = YES_AGGRESSIVE;
				CLANG_WARN_UNREACHABLE_CODE = YES;
				CLANG_WARN__DUPLICATE_METHOD_MATCH = YES;
				COPY_PHASE_STRIP = NO;
				DEBUG_INFORMATION_FORMAT = dwarf;
				ENABLE_STRICT_OBJC_MSGSEND = YES;
				ENABLE_TESTABILITY = YES;
				GCC_C_LANGUAGE_STANDARD = gnu11;
				GCC_DYNAMIC_NO_PIC = NO;
				GCC_NO_COMMON_BLOCKS = YES;
				GCC_OPTIMIZATION_LEVEL = 0;
				GCC_PREPROCESSOR_DEFINITIONS = (
					"DEBUG=1",
					"$(inherited)",
				);
				GCC_WARN_64_TO_32_BIT_CONVERSION = YES;
				GCC_WARN_ABOUT_RETURN_TYPE = YES_ERROR;
				GCC_WARN_UNDECLARED_SELECTOR = YES;
				GCC_WARN_UNINITIALIZED_AUTOS = YES_AGGRESSIVE;
				GCC_WARN_UNUSED_FUNCTION = YES;
				GCC_WARN_UNUSED_VARIABLE = YES;
				IPHONEOS_DEPLOYMENT_TARGET = 14.3;
				MTL_ENABLE_DEBUG_INFO = INCLUDE_SOURCE;
				MTL_FAST_MATH = YES;
				ONLY_ACTIVE_ARCH = YES;
				SDKROOT = iphoneos;
				SWIFT_ACTIVE_COMPILATION_CONDITIONS = DEBUG;
				SWIFT_OPTIMIZATION_LEVEL = "-Onone";
			};
			name = Debug;
		};
		C45B245725C06F2B0032FC3E /* Release */ = {
			isa = XCBuildConfiguration;
			buildSettings = {
				ALWAYS_SEARCH_USER_PATHS = NO;
				CLANG_ANALYZER_NONNULL = YES;
				CLANG_ANALYZER_NUMBER_OBJECT_CONVERSION = YES_AGGRESSIVE;
				CLANG_CXX_LANGUAGE_STANDARD = "gnu++14";
				CLANG_CXX_LIBRARY = "libc++";
				CLANG_ENABLE_MODULES = YES;
				CLANG_ENABLE_OBJC_ARC = YES;
				CLANG_ENABLE_OBJC_WEAK = YES;
				CLANG_WARN_BLOCK_CAPTURE_AUTORELEASING = YES;
				CLANG_WARN_BOOL_CONVERSION = YES;
				CLANG_WARN_COMMA = YES;
				CLANG_WARN_CONSTANT_CONVERSION = YES;
				CLANG_WARN_DEPRECATED_OBJC_IMPLEMENTATIONS = YES;
				CLANG_WARN_DIRECT_OBJC_ISA_USAGE = YES_ERROR;
				CLANG_WARN_DOCUMENTATION_COMMENTS = YES;
				CLANG_WARN_EMPTY_BODY = YES;
				CLANG_WARN_ENUM_CONVERSION = YES;
				CLANG_WARN_INFINITE_RECURSION = YES;
				CLANG_WARN_INT_CONVERSION = YES;
				CLANG_WARN_NON_LITERAL_NULL_CONVERSION = YES;
				CLANG_WARN_OBJC_IMPLICIT_RETAIN_SELF = YES;
				CLANG_WARN_OBJC_LITERAL_CONVERSION = YES;
				CLANG_WARN_OBJC_ROOT_CLASS = YES_ERROR;
				CLANG_WARN_QUOTED_INCLUDE_IN_FRAMEWORK_HEADER = YES;
				CLANG_WARN_RANGE_LOOP_ANALYSIS = YES;
				CLANG_WARN_STRICT_PROTOTYPES = YES;
				CLANG_WARN_SUSPICIOUS_MOVE = YES;
				CLANG_WARN_UNGUARDED_AVAILABILITY = YES_AGGRESSIVE;
				CLANG_WARN_UNREACHABLE_CODE = YES;
				CLANG_WARN__DUPLICATE_METHOD_MATCH = YES;
				COPY_PHASE_STRIP = NO;
				DEBUG_INFORMATION_FORMAT = "dwarf-with-dsym";
				ENABLE_NS_ASSERTIONS = NO;
				ENABLE_STRICT_OBJC_MSGSEND = YES;
				GCC_C_LANGUAGE_STANDARD = gnu11;
				GCC_NO_COMMON_BLOCKS = YES;
				GCC_WARN_64_TO_32_BIT_CONVERSION = YES;
				GCC_WARN_ABOUT_RETURN_TYPE = YES_ERROR;
				GCC_WARN_UNDECLARED_SELECTOR = YES;
				GCC_WARN_UNINITIALIZED_AUTOS = YES_AGGRESSIVE;
				GCC_WARN_UNUSED_FUNCTION = YES;
				GCC_WARN_UNUSED_VARIABLE = YES;
				IPHONEOS_DEPLOYMENT_TARGET = 14.3;
				MTL_ENABLE_DEBUG_INFO = NO;
				MTL_FAST_MATH = YES;
				SDKROOT = iphoneos;
				SWIFT_COMPILATION_MODE = wholemodule;
				SWIFT_OPTIMIZATION_LEVEL = "-O";
				VALIDATE_PRODUCT = YES;
			};
			name = Release;
		};
		C45B245925C06F2B0032FC3E /* Debug */ = {
			isa = XCBuildConfiguration;
			buildSettings = {
				ASSETCATALOG_COMPILER_APPICON_NAME = AppIcon;
				ASSETCATALOG_COMPILER_GLOBAL_ACCENT_COLOR_NAME = AccentColor;
				CODE_SIGN_STYLE = Automatic;
				DEVELOPMENT_ASSET_PATHS = "\"Form/Preview Content\"";
				DEVELOPMENT_TEAM = TW52666289;
				ENABLE_PREVIEWS = YES;
				INFOPLIST_FILE = Form/Info.plist;
				IPHONEOS_DEPLOYMENT_TARGET = 14.0;
				LD_RUNPATH_SEARCH_PATHS = (
					"$(inherited)",
					"@executable_path/Frameworks",
				);
				PRODUCT_BUNDLE_IDENTIFIER = br.com.Form;
				PRODUCT_NAME = "$(TARGET_NAME)";
				SWIFT_VERSION = 5.0;
				TARGETED_DEVICE_FAMILY = "1,2";
			};
			name = Debug;
		};
		C45B245A25C06F2B0032FC3E /* Release */ = {
			isa = XCBuildConfiguration;
			buildSettings = {
				ASSETCATALOG_COMPILER_APPICON_NAME = AppIcon;
				ASSETCATALOG_COMPILER_GLOBAL_ACCENT_COLOR_NAME = AccentColor;
				CODE_SIGN_STYLE = Automatic;
				DEVELOPMENT_ASSET_PATHS = "\"Form/Preview Content\"";
				DEVELOPMENT_TEAM = TW52666289;
				ENABLE_PREVIEWS = YES;
				INFOPLIST_FILE = Form/Info.plist;
				IPHONEOS_DEPLOYMENT_TARGET = 14.0;
				LD_RUNPATH_SEARCH_PATHS = (
					"$(inherited)",
					"@executable_path/Frameworks",
				);
				PRODUCT_BUNDLE_IDENTIFIER = br.com.Form;
				PRODUCT_NAME = "$(TARGET_NAME)";
				SWIFT_VERSION = 5.0;
				TARGETED_DEVICE_FAMILY = "1,2";
			};
			name = Release;
		};
		C45B245C25C06F2B0032FC3E /* Debug */ = {
			isa = XCBuildConfiguration;
			buildSettings = {
				ALWAYS_EMBED_SWIFT_STANDARD_LIBRARIES = YES;
				BUNDLE_LOADER = "$(TEST_HOST)";
				CODE_SIGN_STYLE = Automatic;
				DEVELOPMENT_TEAM = TW52666289;
				INFOPLIST_FILE = FormTests/Info.plist;
				IPHONEOS_DEPLOYMENT_TARGET = 14.0;
				LD_RUNPATH_SEARCH_PATHS = (
					"$(inherited)",
					"@executable_path/Frameworks",
					"@loader_path/Frameworks",
				);
				PRODUCT_BUNDLE_IDENTIFIER = br.com.FormTests;
				PRODUCT_NAME = "$(TARGET_NAME)";
				SWIFT_VERSION = 5.0;
				TARGETED_DEVICE_FAMILY = "1,2";
				TEST_HOST = "$(BUILT_PRODUCTS_DIR)/Form.app/Form";
			};
			name = Debug;
		};
		C45B245D25C06F2B0032FC3E /* Release */ = {
			isa = XCBuildConfiguration;
			buildSettings = {
				ALWAYS_EMBED_SWIFT_STANDARD_LIBRARIES = YES;
				BUNDLE_LOADER = "$(TEST_HOST)";
				CODE_SIGN_STYLE = Automatic;
				DEVELOPMENT_TEAM = TW52666289;
				INFOPLIST_FILE = FormTests/Info.plist;
				IPHONEOS_DEPLOYMENT_TARGET = 14.0;
				LD_RUNPATH_SEARCH_PATHS = (
					"$(inherited)",
					"@executable_path/Frameworks",
					"@loader_path/Frameworks",
				);
				PRODUCT_BUNDLE_IDENTIFIER = br.com.FormTests;
				PRODUCT_NAME = "$(TARGET_NAME)";
				SWIFT_VERSION = 5.0;
				TARGETED_DEVICE_FAMILY = "1,2";
				TEST_HOST = "$(BUILT_PRODUCTS_DIR)/Form.app/Form";
			};
			name = Release;
		};
		C45B245F25C06F2B0032FC3E /* Debug */ = {
			isa = XCBuildConfiguration;
			buildSettings = {
				ALWAYS_EMBED_SWIFT_STANDARD_LIBRARIES = YES;
				CODE_SIGN_STYLE = Automatic;
				DEVELOPMENT_TEAM = TW52666289;
				INFOPLIST_FILE = FormUITests/Info.plist;
				LD_RUNPATH_SEARCH_PATHS = (
					"$(inherited)",
					"@executable_path/Frameworks",
					"@loader_path/Frameworks",
				);
				PRODUCT_BUNDLE_IDENTIFIER = br.com.FormUITests;
				PRODUCT_NAME = "$(TARGET_NAME)";
				SWIFT_VERSION = 5.0;
				TARGETED_DEVICE_FAMILY = "1,2";
				TEST_TARGET_NAME = Form;
			};
			name = Debug;
		};
		C45B246025C06F2B0032FC3E /* Release */ = {
			isa = XCBuildConfiguration;
			buildSettings = {
				ALWAYS_EMBED_SWIFT_STANDARD_LIBRARIES = YES;
				CODE_SIGN_STYLE = Automatic;
				DEVELOPMENT_TEAM = TW52666289;
				INFOPLIST_FILE = FormUITests/Info.plist;
				LD_RUNPATH_SEARCH_PATHS = (
					"$(inherited)",
					"@executable_path/Frameworks",
					"@loader_path/Frameworks",
				);
				PRODUCT_BUNDLE_IDENTIFIER = br.com.FormUITests;
				PRODUCT_NAME = "$(TARGET_NAME)";
				SWIFT_VERSION = 5.0;
				TARGETED_DEVICE_FAMILY = "1,2";
				TEST_TARGET_NAME = Form;
			};
			name = Release;
		};
/* End XCBuildConfiguration section */

/* Begin XCConfigurationList section */
		C45B242E25C06F280032FC3E /* Build configuration list for PBXProject "Form" */ = {
			isa = XCConfigurationList;
			buildConfigurations = (
				C45B245625C06F2B0032FC3E /* Debug */,
				C45B245725C06F2B0032FC3E /* Release */,
			);
			defaultConfigurationIsVisible = 0;
			defaultConfigurationName = Release;
		};
		C45B245825C06F2B0032FC3E /* Build configuration list for PBXNativeTarget "Form" */ = {
			isa = XCConfigurationList;
			buildConfigurations = (
				C45B245925C06F2B0032FC3E /* Debug */,
				C45B245A25C06F2B0032FC3E /* Release */,
			);
			defaultConfigurationIsVisible = 0;
			defaultConfigurationName = Release;
		};
		C45B245B25C06F2B0032FC3E /* Build configuration list for PBXNativeTarget "FormTests" */ = {
			isa = XCConfigurationList;
			buildConfigurations = (
				C45B245C25C06F2B0032FC3E /* Debug */,
				C45B245D25C06F2B0032FC3E /* Release */,
			);
			defaultConfigurationIsVisible = 0;
			defaultConfigurationName = Release;
		};
		C45B245E25C06F2B0032FC3E /* Build configuration list for PBXNativeTarget "FormUITests" */ = {
			isa = XCConfigurationList;
			buildConfigurations = (
				C45B245F25C06F2B0032FC3E /* Debug */,
				C45B246025C06F2B0032FC3E /* Release */,
			);
			defaultConfigurationIsVisible = 0;
			defaultConfigurationName = Release;
		};
/* End XCConfigurationList section */
	};
	rootObject = C45B242B25C06F280032FC3E /* Project object */;
}
